Microsoft Visual Studio Solution File, Format Version 12.00
# Visual Studio Version 17
VisualStudioVersion = 17.5.2.0
MinimumVisualStudioVersion = 10.0.40219.1
Project("{FAE04EC0-301F-11D3-BF4B-00C04F79EFBC}") = "BffGateway.WebApi", "BffGateway.WebApi.csproj", "{EC70001D-0DC1-E59B-3CA1-70CE4A12E6FD}"
EndProject
Global
	GlobalSection(SolutionConfigurationPlatforms) = preSolution
		Debug|Any CPU = Debug|Any CPU
		Release|Any CPU = Release|Any CPU
	EndGlobalSection
	GlobalSection(ProjectConfigurationPlatforms) = postSolution
		{EC70001D-0DC1-E59B-3CA1-70CE4A12E6FD}.Debug|Any CPU.ActiveCfg = Debug|Any CPU
		{EC70001D-0DC1-E59B-3CA1-70CE4A12E6FD}.Debug|Any CPU.Build.0 = Debug|Any CPU
		{EC70001D-0DC1-E59B-3CA1-70CE4A12E6FD}.Release|Any CPU.ActiveCfg = Release|Any CPU
		{EC70001D-0DC1-E59B-3CA1-70CE4A12E6FD}.Release|Any CPU.Build.0 = Release|Any CPU
	EndGlobalSection
	GlobalSection(SolutionProperties) = preSolution
		HideSolutionNode = FALSE
	EndGlobalSection
	GlobalSection(ExtensibilityGlobals) = postSolution
		SolutionGuid = {998C41EB-1887-473F-B511-2BD6AAC2E71A}
	EndGlobalSection
EndGlobal
